// !$*UTF8*$!
{
	archiveVersion = 1;
	classes = {
	};
	objectVersion = 45;
	objects = {

/* Begin PBXAggregateTarget section */
		1E430BE9105E16E1005FD6AD /* All */ = {
			isa = PBXAggregateTarget;
			buildConfigurationList = 1E430BF8105E171D005FD6AD /* Build configuration list for PBXAggregateTarget "All" */;
			buildPhases = (
			);
			dependencies = (
				1E430BED105E16E7005FD6AD /* PBXTargetDependency */,
				1E430BEF105E16E7005FD6AD /* PBXTargetDependency */,
			);
			name = All;
			productName = All;
		};
/* End PBXAggregateTarget section */

/* Begin PBXBuildFile section */
		1E430BC3105E1652005FD6AD /* NSArray+ConcurrencyAdditions.h in Headers */ = {isa = PBXBuildFile; fileRef = 1E430BB5105E1652005FD6AD /* NSArray+ConcurrencyAdditions.h */; };
		1E430BC4105E1652005FD6AD /* NSArray+ConcurrencyAdditions.m in Sources */ = {isa = PBXBuildFile; fileRef = 1E430BB6105E1652005FD6AD /* NSArray+ConcurrencyAdditions.m */; };
		1E430BC5105E1652005FD6AD /* NSData+SSL.h in Headers */ = {isa = PBXBuildFile; fileRef = 1E430BB7105E1652005FD6AD /* NSData+SSL.h */; };
		1E430BC6105E1652005FD6AD /* NSData+SSL.m in Sources */ = {isa = PBXBuildFile; fileRef = 1E430BB8105E1652005FD6AD /* NSData+SSL.m */; };
		1E430BC7105E1652005FD6AD /* SSListContainerView.h in Headers */ = {isa = PBXBuildFile; fileRef = 1E430BB9105E1652005FD6AD /* SSListContainerView.h */; };
		1E430BC8105E1652005FD6AD /* SSListContainerView.m in Sources */ = {isa = PBXBuildFile; fileRef = 1E430BBA105E1652005FD6AD /* SSListContainerView.m */; };
		1E430BC9105E1652005FD6AD /* SSListView.h in Headers */ = {isa = PBXBuildFile; fileRef = 1E430BBB105E1652005FD6AD /* SSListView.h */; };
		1E430BCA105E1652005FD6AD /* SSListView.m in Sources */ = {isa = PBXBuildFile; fileRef = 1E430BBC105E1652005FD6AD /* SSListView.m */; };
		1E430BCB105E1652005FD6AD /* TCDownload.h in Headers */ = {isa = PBXBuildFile; fileRef = 1E430BBD105E1652005FD6AD /* TCDownload.h */; };
		1E430BCC105E1652005FD6AD /* TCDownload.m in Sources */ = {isa = PBXBuildFile; fileRef = 1E430BBE105E1652005FD6AD /* TCDownload.m */; };
		1E430BCD105E1652005FD6AD /* TCMasterDetailCell.h in Headers */ = {isa = PBXBuildFile; fileRef = 1E430BBF105E1652005FD6AD /* TCMasterDetailCell.h */; };
		1E430BCE105E1652005FD6AD /* TCMasterDetailCell.m in Sources */ = {isa = PBXBuildFile; fileRef = 1E430BC0105E1652005FD6AD /* TCMasterDetailCell.m */; };
		1E430BCF105E1652005FD6AD /* TCOAuthDownload.h in Headers */ = {isa = PBXBuildFile; fileRef = 1E430BC1105E1652005FD6AD /* TCOAuthDownload.h */; };
		1E430BE5105E16D2005FD6AD /* ArrayConcurrencyAdditionsTest.m in Sources */ = {isa = PBXBuildFile; fileRef = 1E430BD8105E16A8005FD6AD /* ArrayConcurrencyAdditionsTest.m */; };
		1E430BE6105E16D2005FD6AD /* NSArray+ConcurrencyAdditions.m in Sources */ = {isa = PBXBuildFile; fileRef = 1E430BB6105E1652005FD6AD /* NSArray+ConcurrencyAdditions.m */; };
		8DC2EF530486A6940098B216 /* InfoPlist.strings in Resources */ = {isa = PBXBuildFile; fileRef = 089C1666FE841158C02AAC07 /* InfoPlist.strings */; };
		8DC2EF570486A6940098B216 /* Cocoa.framework in Frameworks */ = {isa = PBXBuildFile; fileRef = 1058C7B1FEA5585E11CA2CBB /* Cocoa.framework */; };
/* End PBXBuildFile section */

/* Begin PBXContainerItemProxy section */
		1E430BEC105E16E7005FD6AD /* PBXContainerItemProxy */ = {
			isa = PBXContainerItemProxy;
			containerPortal = 0867D690FE84028FC02AAC07 /* Project object */;
			proxyType = 1;
			remoteGlobalIDString = 8DC2EF4F0486A6940098B216 /* SSCore */;
			remoteInfo = SSCore;
		};
		1E430BEE105E16E7005FD6AD /* PBXContainerItemProxy */ = {
			isa = PBXContainerItemProxy;
			containerPortal = 0867D690FE84028FC02AAC07 /* Project object */;
			proxyType = 1;
			remoteGlobalIDString = 1E430BDF105E16C2005FD6AD /* ConcurrencyAdditionsTest */;
			remoteInfo = ConcurrencyAdditionsTest;
		};
/* End PBXContainerItemProxy section */

/* Begin PBXFileReference section */
		0867D69BFE84028FC02AAC07 /* Foundation.framework */ = {isa = PBXFileReference; lastKnownFileType = wrapper.framework; name = Foundation.framework; path = /System/Library/Frameworks/Foundation.framework; sourceTree = "<absolute>"; };
		0867D6A5FE840307C02AAC07 /* AppKit.framework */ = {isa = PBXFileReference; lastKnownFileType = wrapper.framework; name = AppKit.framework; path = /System/Library/Frameworks/AppKit.framework; sourceTree = "<absolute>"; };
		089C1667FE841158C02AAC07 /* English */ = {isa = PBXFileReference; fileEncoding = 4; lastKnownFileType = text.plist.strings; name = English; path = English.lproj/InfoPlist.strings; sourceTree = "<group>"; };
		1058C7B1FEA5585E11CA2CBB /* Cocoa.framework */ = {isa = PBXFileReference; lastKnownFileType = wrapper.framework; name = Cocoa.framework; path = /System/Library/Frameworks/Cocoa.framework; sourceTree = "<absolute>"; };
		1E430BB5105E1652005FD6AD /* NSArray+ConcurrencyAdditions.h */ = {isa = PBXFileReference; fileEncoding = 4; lastKnownFileType = sourcecode.c.h; name = "NSArray+ConcurrencyAdditions.h"; path = "Classes/NSArray+ConcurrencyAdditions.h"; sourceTree = "<group>"; };
		1E430BB6105E1652005FD6AD /* NSArray+ConcurrencyAdditions.m */ = {isa = PBXFileReference; fileEncoding = 4; lastKnownFileType = sourcecode.c.objc; name = "NSArray+ConcurrencyAdditions.m"; path = "Classes/NSArray+ConcurrencyAdditions.m"; sourceTree = "<group>"; };
		1E430BB7105E1652005FD6AD /* NSData+SSL.h */ = {isa = PBXFileReference; fileEncoding = 4; lastKnownFileType = sourcecode.c.h; name = "NSData+SSL.h"; path = "Classes/NSData+SSL.h"; sourceTree = "<group>"; };
		1E430BB8105E1652005FD6AD /* NSData+SSL.m */ = {isa = PBXFileReference; fileEncoding = 4; lastKnownFileType = sourcecode.c.objc; name = "NSData+SSL.m"; path = "Classes/NSData+SSL.m"; sourceTree = "<group>"; };
		1E430BB9105E1652005FD6AD /* SSListContainerView.h */ = {isa = PBXFileReference; fileEncoding = 4; lastKnownFileType = sourcecode.c.h; name = SSListContainerView.h; path = Classes/SSListContainerView.h; sourceTree = "<group>"; };
		1E430BBA105E1652005FD6AD /* SSListContainerView.m */ = {isa = PBXFileReference; fileEncoding = 4; lastKnownFileType = sourcecode.c.objc; name = SSListContainerView.m; path = Classes/SSListContainerView.m; sourceTree = "<group>"; };
		1E430BBB105E1652005FD6AD /* SSListView.h */ = {isa = PBXFileReference; fileEncoding = 4; lastKnownFileType = sourcecode.c.h; name = SSListView.h; path = Classes/SSListView.h; sourceTree = "<group>"; };
		1E430BBC105E1652005FD6AD /* SSListView.m */ = {isa = PBXFileReference; fileEncoding = 4; lastKnownFileType = sourcecode.c.objc; name = SSListView.m; path = Classes/SSListView.m; sourceTree = "<group>"; };
		1E430BBD105E1652005FD6AD /* TCDownload.h */ = {isa = PBXFileReference; fileEncoding = 4; lastKnownFileType = sourcecode.c.h; name = TCDownload.h; path = Classes/TCDownload.h; sourceTree = "<group>"; };
		1E430BBE105E1652005FD6AD /* TCDownload.m */ = {isa = PBXFileReference; fileEncoding = 4; lastKnownFileType = sourcecode.c.objc; name = TCDownload.m; path = Classes/TCDownload.m; sourceTree = "<group>"; };
		1E430BBF105E1652005FD6AD /* TCMasterDetailCell.h */ = {isa = PBXFileReference; fileEncoding = 4; lastKnownFileType = sourcecode.c.h; name = TCMasterDetailCell.h; path = Classes/TCMasterDetailCell.h; sourceTree = "<group>"; };
		1E430BC0105E1652005FD6AD /* TCMasterDetailCell.m */ = {isa = PBXFileReference; fileEncoding = 4; lastKnownFileType = sourcecode.c.objc; name = TCMasterDetailCell.m; path = Classes/TCMasterDetailCell.m; sourceTree = "<group>"; };
		1E430BC1105E1652005FD6AD /* TCOAuthDownload.h */ = {isa = PBXFileReference; fileEncoding = 4; lastKnownFileType = sourcecode.c.h; name = TCOAuthDownload.h; path = Classes/TCOAuthDownload.h; sourceTree = "<group>"; };
		1E430BC2105E1652005FD6AD /* TCOAuthDownload.m */ = {isa = PBXFileReference; fileEncoding = 4; lastKnownFileType = sourcecode.c.objc; name = TCOAuthDownload.m; path = Classes/TCOAuthDownload.m; sourceTree = "<group>"; };
		1E430BD7105E16A8005FD6AD /* ArrayConcurrencyAdditionsTest.h */ = {isa = PBXFileReference; fileEncoding = 4; lastKnownFileType = sourcecode.c.h; path = ArrayConcurrencyAdditionsTest.h; sourceTree = "<group>"; };
		1E430BD8105E16A8005FD6AD /* ArrayConcurrencyAdditionsTest.m */ = {isa = PBXFileReference; fileEncoding = 4; lastKnownFileType = sourcecode.c.objc; path = ArrayConcurrencyAdditionsTest.m; sourceTree = "<group>"; };
		1E430BE0105E16C2005FD6AD /* ConcurrencyAdditionsTest.octest */ = {isa = PBXFileReference; explicitFileType = wrapper.cfbundle; includeInIndex = 0; path = ConcurrencyAdditionsTest.octest; sourceTree = BUILT_PRODUCTS_DIR; };
		1E430BE1105E16C2005FD6AD /* ConcurrencyAdditionsTest-Info.plist */ = {isa = PBXFileReference; lastKnownFileType = text.plist.xml; path = "ConcurrencyAdditionsTest-Info.plist"; sourceTree = "<group>"; };
		32DBCF5E0370ADEE00C91783 /* SSCore_Prefix.pch */ = {isa = PBXFileReference; fileEncoding = 4; lastKnownFileType = sourcecode.c.h; path = SSCore_Prefix.pch; sourceTree = "<group>"; };
		8DC2EF5A0486A6940098B216 /* Info.plist */ = {isa = PBXFileReference; fileEncoding = 4; lastKnownFileType = text.plist.xml; path = Info.plist; sourceTree = "<group>"; };
		8DC2EF5B0486A6940098B216 /* SSCore.framework */ = {isa = PBXFileReference; explicitFileType = wrapper.framework; includeInIndex = 0; path = SSCore.framework; sourceTree = BUILT_PRODUCTS_DIR; };
		D2F7E79907B2D74100F64583 /* CoreData.framework */ = {isa = PBXFileReference; lastKnownFileType = wrapper.framework; name = CoreData.framework; path = /System/Library/Frameworks/CoreData.framework; sourceTree = "<absolute>"; };
/* End PBXFileReference section */

/* Begin PBXFrameworksBuildPhase section */
		1E430BDD105E16C2005FD6AD /* Frameworks */ = {
			isa = PBXFrameworksBuildPhase;
			buildActionMask = 2147483647;
			files = (
			);
			runOnlyForDeploymentPostprocessing = 0;
		};
		8DC2EF560486A6940098B216 /* Frameworks */ = {
			isa = PBXFrameworksBuildPhase;
			buildActionMask = 2147483647;
			files = (
				8DC2EF570486A6940098B216 /* Cocoa.framework in Frameworks */,
			);
			runOnlyForDeploymentPostprocessing = 0;
		};
/* End PBXFrameworksBuildPhase section */

/* Begin PBXGroup section */
		034768DFFF38A50411DB9C8B /* Products */ = {
			isa = PBXGroup;
			children = (
				8DC2EF5B0486A6940098B216 /* SSCore.framework */,
				1E430BE0105E16C2005FD6AD /* ConcurrencyAdditionsTest.octest */,
			);
			name = Products;
			sourceTree = "<group>";
		};
		0867D691FE84028FC02AAC07 /* SSCore */ = {
			isa = PBXGroup;
			children = (
				1E430BB4105E1637005FD6AD /* Unit Tests */,
				08FB77AEFE84172EC02AAC07 /* Classes */,
				32C88DFF0371C24200C91783 /* Sources */,
				089C1665FE841158C02AAC07 /* Resources */,
				0867D69AFE84028FC02AAC07 /* External Frameworks and Libraries */,
				034768DFFF38A50411DB9C8B /* Products */,
			);
			name = SSCore;
			sourceTree = "<group>";
		};
		0867D69AFE84028FC02AAC07 /* External Frameworks and Libraries */ = {
			isa = PBXGroup;
			children = (
				1058C7B0FEA5585E11CA2CBB /* Linked Frameworks */,
				1058C7B2FEA5585E11CA2CBB /* Other Frameworks */,
			);
			name = "External Frameworks and Libraries";
			sourceTree = "<group>";
		};
		089C1665FE841158C02AAC07 /* Resources */ = {
			isa = PBXGroup;
			children = (
				1E430BE1105E16C2005FD6AD /* ConcurrencyAdditionsTest-Info.plist */,
				8DC2EF5A0486A6940098B216 /* Info.plist */,
				089C1666FE841158C02AAC07 /* InfoPlist.strings */,
			);
			path = Resources;
			sourceTree = "<group>";
		};
		08FB77AEFE84172EC02AAC07 /* Classes */ = {
			isa = PBXGroup;
			children = (
				1E430BB5105E1652005FD6AD /* NSArray+ConcurrencyAdditions.h */,
				1E430BB6105E1652005FD6AD /* NSArray+ConcurrencyAdditions.m */,
				1E430BB7105E1652005FD6AD /* NSData+SSL.h */,
				1E430BB8105E1652005FD6AD /* NSData+SSL.m */,
				1E430BB9105E1652005FD6AD /* SSListContainerView.h */,
				1E430BBA105E1652005FD6AD /* SSListContainerView.m */,
				1E430BBB105E1652005FD6AD /* SSListView.h */,
				1E430BBC105E1652005FD6AD /* SSListView.m */,
				1E430BBD105E1652005FD6AD /* TCDownload.h */,
				1E430BBE105E1652005FD6AD /* TCDownload.m */,
				1E430BBF105E1652005FD6AD /* TCMasterDetailCell.h */,
				1E430BC0105E1652005FD6AD /* TCMasterDetailCell.m */,
				1E430BC1105E1652005FD6AD /* TCOAuthDownload.h */,
				1E430BC2105E1652005FD6AD /* TCOAuthDownload.m */,
			);
			name = Classes;
			sourceTree = "<group>";
		};
		1058C7B0FEA5585E11CA2CBB /* Linked Frameworks */ = {
			isa = PBXGroup;
			children = (
				1058C7B1FEA5585E11CA2CBB /* Cocoa.framework */,
			);
			name = "Linked Frameworks";
			sourceTree = "<group>";
		};
		1058C7B2FEA5585E11CA2CBB /* Other Frameworks */ = {
			isa = PBXGroup;
			children = (
				0867D6A5FE840307C02AAC07 /* AppKit.framework */,
				D2F7E79907B2D74100F64583 /* CoreData.framework */,
				0867D69BFE84028FC02AAC07 /* Foundation.framework */,
			);
			name = "Other Frameworks";
			sourceTree = "<group>";
		};
		1E430BB4105E1637005FD6AD /* Unit Tests */ = {
			isa = PBXGroup;
			children = (
				1E430BD7105E16A8005FD6AD /* ArrayConcurrencyAdditionsTest.h */,
				1E430BD8105E16A8005FD6AD /* ArrayConcurrencyAdditionsTest.m */,
			);
			name = "Unit Tests";
			path = Tests;
			sourceTree = "<group>";
		};
		32C88DFF0371C24200C91783 /* Sources */ = {
			isa = PBXGroup;
			children = (
				32DBCF5E0370ADEE00C91783 /* SSCore_Prefix.pch */,
			);
			path = Sources;
			sourceTree = "<group>";
		};
/* End PBXGroup section */

/* Begin PBXHeadersBuildPhase section */
		8DC2EF500486A6940098B216 /* Headers */ = {
			isa = PBXHeadersBuildPhase;
			buildActionMask = 2147483647;
			files = (
				1E430BC3105E1652005FD6AD /* NSArray+ConcurrencyAdditions.h in Headers */,
				1E430BC5105E1652005FD6AD /* NSData+SSL.h in Headers */,
				1E430BC7105E1652005FD6AD /* SSListContainerView.h in Headers */,
				1E430BC9105E1652005FD6AD /* SSListView.h in Headers */,
				1E430BCB105E1652005FD6AD /* TCDownload.h in Headers */,
				1E430BCD105E1652005FD6AD /* TCMasterDetailCell.h in Headers */,
				1E430BCF105E1652005FD6AD /* TCOAuthDownload.h in Headers */,
			);
			runOnlyForDeploymentPostprocessing = 0;
		};
/* End PBXHeadersBuildPhase section */

/* Begin PBXNativeTarget section */
		1E430BDF105E16C2005FD6AD /* ConcurrencyAdditionsTest */ = {
			isa = PBXNativeTarget;
			buildConfigurationList = 1E430BE4105E16C3005FD6AD /* Build configuration list for PBXNativeTarget "ConcurrencyAdditionsTest" */;
			buildPhases = (
				1E430BDB105E16C2005FD6AD /* Resources */,
				1E430BDC105E16C2005FD6AD /* Sources */,
				1E430BDD105E16C2005FD6AD /* Frameworks */,
				1E430BDE105E16C2005FD6AD /* ShellScript */,
			);
			buildRules = (
			);
			dependencies = (
			);
			name = ConcurrencyAdditionsTest;
			productName = ConcurrencyAdditionsTest;
			productReference = 1E430BE0105E16C2005FD6AD /* ConcurrencyAdditionsTest.octest */;
			productType = "com.apple.product-type.bundle";
		};
		8DC2EF4F0486A6940098B216 /* SSCore */ = {
			isa = PBXNativeTarget;
			buildConfigurationList = 1DEB91AD08733DA50010E9CD /* Build configuration list for PBXNativeTarget "SSCore" */;
			buildPhases = (
				8DC2EF500486A6940098B216 /* Headers */,
				8DC2EF520486A6940098B216 /* Resources */,
				8DC2EF540486A6940098B216 /* Sources */,
				8DC2EF560486A6940098B216 /* Frameworks */,
			);
			buildRules = (
			);
			dependencies = (
			);
			name = SSCore;
			productInstallPath = "$(HOME)/Library/Frameworks";
			productName = SSCore;
			productReference = 8DC2EF5B0486A6940098B216 /* SSCore.framework */;
			productType = "com.apple.product-type.framework";
		};
/* End PBXNativeTarget section */

/* Begin PBXProject section */
		0867D690FE84028FC02AAC07 /* Project object */ = {
			isa = PBXProject;
			buildConfigurationList = 1DEB91B108733DA50010E9CD /* Build configuration list for PBXProject "SSCore" */;
			compatibilityVersion = "Xcode 3.1";
			hasScannedForEncodings = 1;
			mainGroup = 0867D691FE84028FC02AAC07 /* SSCore */;
			productRefGroup = 034768DFFF38A50411DB9C8B /* Products */;
			projectDirPath = "";
			projectRoot = "";
			targets = (
				1E430BE9105E16E1005FD6AD /* All */,
				8DC2EF4F0486A6940098B216 /* SSCore */,
				1E430BDF105E16C2005FD6AD /* ConcurrencyAdditionsTest */,
			);
		};
/* End PBXProject section */

/* Begin PBXResourcesBuildPhase section */
		1E430BDB105E16C2005FD6AD /* Resources */ = {
			isa = PBXResourcesBuildPhase;
			buildActionMask = 2147483647;
			files = (
			);
			runOnlyForDeploymentPostprocessing = 0;
		};
		8DC2EF520486A6940098B216 /* Resources */ = {
			isa = PBXResourcesBuildPhase;
			buildActionMask = 2147483647;
			files = (
				8DC2EF530486A6940098B216 /* InfoPlist.strings in Resources */,
			);
			runOnlyForDeploymentPostprocessing = 0;
		};
/* End PBXResourcesBuildPhase section */

/* Begin PBXShellScriptBuildPhase section */
		1E430BDE105E16C2005FD6AD /* ShellScript */ = {
			isa = PBXShellScriptBuildPhase;
			buildActionMask = 2147483647;
			files = (
			);
			inputPaths = (
			);
			outputPaths = (
			);
			runOnlyForDeploymentPostprocessing = 0;
			shellPath = /bin/sh;
			shellScript = "# Run the unit tests in this test bundle.\n\"${SYSTEM_DEVELOPER_DIR}/Tools/RunUnitTests\"\n";
		};
/* End PBXShellScriptBuildPhase section */

/* Begin PBXSourcesBuildPhase section */
		1E430BDC105E16C2005FD6AD /* Sources */ = {
			isa = PBXSourcesBuildPhase;
			buildActionMask = 2147483647;
			files = (
				1E430BE5105E16D2005FD6AD /* ArrayConcurrencyAdditionsTest.m in Sources */,
				1E430BE6105E16D2005FD6AD /* NSArray+ConcurrencyAdditions.m in Sources */,
			);
			runOnlyForDeploymentPostprocessing = 0;
		};
		8DC2EF540486A6940098B216 /* Sources */ = {
			isa = PBXSourcesBuildPhase;
			buildActionMask = 2147483647;
			files = (
				1E430BC4105E1652005FD6AD /* NSArray+ConcurrencyAdditions.m in Sources */,
				1E430BC6105E1652005FD6AD /* NSData+SSL.m in Sources */,
				1E430BC8105E1652005FD6AD /* SSListContainerView.m in Sources */,
				1E430BCA105E1652005FD6AD /* SSListView.m in Sources */,
				1E430BCC105E1652005FD6AD /* TCDownload.m in Sources */,
				1E430BCE105E1652005FD6AD /* TCMasterDetailCell.m in Sources */,
			);
			runOnlyForDeploymentPostprocessing = 0;
		};
/* End PBXSourcesBuildPhase section */

/* Begin PBXTargetDependency section */
		1E430BED105E16E7005FD6AD /* PBXTargetDependency */ = {
			isa = PBXTargetDependency;
			target = 8DC2EF4F0486A6940098B216 /* SSCore */;
			targetProxy = 1E430BEC105E16E7005FD6AD /* PBXContainerItemProxy */;
		};
		1E430BEF105E16E7005FD6AD /* PBXTargetDependency */ = {
			isa = PBXTargetDependency;
			target = 1E430BDF105E16C2005FD6AD /* ConcurrencyAdditionsTest */;
			targetProxy = 1E430BEE105E16E7005FD6AD /* PBXContainerItemProxy */;
		};
/* End PBXTargetDependency section */

/* Begin PBXVariantGroup section */
		089C1666FE841158C02AAC07 /* InfoPlist.strings */ = {
			isa = PBXVariantGroup;
			children = (
				089C1667FE841158C02AAC07 /* English */,
			);
			name = InfoPlist.strings;
			sourceTree = "<group>";
		};
/* End PBXVariantGroup section */

/* Begin XCBuildConfiguration section */
		1DEB91AE08733DA50010E9CD /* Debug */ = {
			isa = XCBuildConfiguration;
			buildSettings = {
				ALWAYS_SEARCH_USER_PATHS = NO;
				COPY_PHASE_STRIP = NO;
				DYLIB_COMPATIBILITY_VERSION = 1;
				DYLIB_CURRENT_VERSION = 1;
				FRAMEWORK_VERSION = A;
				GCC_DYNAMIC_NO_PIC = NO;
				GCC_ENABLE_FIX_AND_CONTINUE = YES;
				GCC_MODEL_TUNING = G5;
				GCC_OPTIMIZATION_LEVEL = 0;
				GCC_PRECOMPILE_PREFIX_HEADER = YES;
				GCC_PREFIX_HEADER = Sources/SSCore_Prefix.pch;
				INFOPLIST_FILE = Resources/Info.plist;
				INSTALL_PATH = "$(HOME)/Library/Frameworks";
				PRODUCT_NAME = SSCore;
				WRAPPER_EXTENSION = framework;
			};
			name = Debug;
		};
		1DEB91AF08733DA50010E9CD /* Release */ = {
			isa = XCBuildConfiguration;
			buildSettings = {
				ALWAYS_SEARCH_USER_PATHS = NO;
				DEBUG_INFORMATION_FORMAT = "dwarf-with-dsym";
				DYLIB_COMPATIBILITY_VERSION = 1;
				DYLIB_CURRENT_VERSION = 1;
				FRAMEWORK_VERSION = A;
				GCC_MODEL_TUNING = G5;
				GCC_PRECOMPILE_PREFIX_HEADER = YES;
				GCC_PREFIX_HEADER = Sources/SSCore_Prefix.pch;
				INFOPLIST_FILE = Resources/Info.plist;
				INSTALL_PATH = "$(HOME)/Library/Frameworks";
				PRODUCT_NAME = SSCore;
				WRAPPER_EXTENSION = framework;
			};
			name = Release;
		};
		1DEB91B208733DA50010E9CD /* Debug */ = {
			isa = XCBuildConfiguration;
			buildSettings = {
				ARCHS = "$(ARCHS_STANDARD_32_64_BIT)";
				GCC_C_LANGUAGE_STANDARD = gnu99;
				GCC_OPTIMIZATION_LEVEL = 0;
				GCC_WARN_ABOUT_RETURN_TYPE = YES;
				GCC_WARN_UNUSED_VARIABLE = YES;
				ONLY_ACTIVE_ARCH = YES;
				PREBINDING = NO;
				SDKROOT = macosx10.6;
			};
			name = Debug;
		};
		1DEB91B308733DA50010E9CD /* Release */ = {
			isa = XCBuildConfiguration;
			buildSettings = {
				ARCHS = "$(ARCHS_STANDARD_32_64_BIT)";
				GCC_C_LANGUAGE_STANDARD = gnu99;
				GCC_WARN_ABOUT_RETURN_TYPE = YES;
				GCC_WARN_UNUSED_VARIABLE = YES;
				PREBINDING = NO;
				SDKROOT = macosx10.6;
			};
			name = Release;
		};
		1E430BE2105E16C3005FD6AD /* Debug */ = {
			isa = XCBuildConfiguration;
			buildSettings = {
				ALWAYS_SEARCH_USER_PATHS = NO;
				COPY_PHASE_STRIP = NO;
				FRAMEWORK_SEARCH_PATHS = "$(DEVELOPER_LIBRARY_DIR)/Frameworks";
				GCC_DYNAMIC_NO_PIC = NO;
				GCC_ENABLE_FIX_AND_CONTINUE = NO;
				GCC_ENABLE_OBJC_EXCEPTIONS = YES;
				GCC_MODEL_TUNING = G5;
				GCC_OPTIMIZATION_LEVEL = 0;
				GCC_PRECOMPILE_PREFIX_HEADER = YES;
				GCC_PREFIX_HEADER = "$(SYSTEM_LIBRARY_DIR)/Frameworks/Cocoa.framework/Headers/Cocoa.h";
				INFOPLIST_FILE = "Resources/ConcurrencyAdditionsTest-Info.plist";
				INSTALL_PATH = "$(USER_LIBRARY_DIR)/Bundles";
				OTHER_LDFLAGS = (
					"-framework",
					Cocoa,
					"-framework",
					SenTestingKit,
				);
				PREBINDING = NO;
				PRODUCT_NAME = ConcurrencyAdditionsTest;
				WRAPPER_EXTENSION = octest;
			};
			name = Debug;
		};
		1E430BE3105E16C3005FD6AD /* Release */ = {
			isa = XCBuildConfiguration;
			buildSettings = {
				ALWAYS_SEARCH_USER_PATHS = NO;
				COPY_PHASE_STRIP = YES;
				DEBUG_INFORMATION_FORMAT = "dwarf-with-dsym";
				FRAMEWORK_SEARCH_PATHS = "$(DEVELOPER_LIBRARY_DIR)/Frameworks";
				GCC_ENABLE_FIX_AND_CONTINUE = NO;
				GCC_ENABLE_OBJC_EXCEPTIONS = YES;
				GCC_MODEL_TUNING = G5;
				GCC_PRECOMPILE_PREFIX_HEADER = YES;
				GCC_PREFIX_HEADER = "$(SYSTEM_LIBRARY_DIR)/Frameworks/Cocoa.framework/Headers/Cocoa.h";
				INFOPLIST_FILE = "Resources/ConcurrencyAdditionsTest-Info.plist";
				INSTALL_PATH = "$(USER_LIBRARY_DIR)/Bundles";
				OTHER_LDFLAGS = (
					"-framework",
					Cocoa,
					"-framework",
					SenTestingKit,
				);
				PREBINDING = NO;
				PRODUCT_NAME = ConcurrencyAdditionsTest;
				WRAPPER_EXTENSION = octest;
				ZERO_LINK = NO;
			};
			name = Release;
		};
		1E430BEA105E16E2005FD6AD /* Debug */ = {
			isa = XCBuildConfiguration;
			buildSettings = {
				COPY_PHASE_STRIP = NO;
				GCC_DYNAMIC_NO_PIC = NO;
				GCC_OPTIMIZATION_LEVEL = 0;
				PRODUCT_NAME = All;
			};
			name = Debug;
		};
		1E430BEB105E16E2005FD6AD /* Release */ = {
			isa = XCBuildConfiguration;
			buildSettings = {
				COPY_PHASE_STRIP = YES;
				DEBUG_INFORMATION_FORMAT = "dwarf-with-dsym";
				GCC_ENABLE_FIX_AND_CONTINUE = NO;
				PRODUCT_NAME = All;
				ZERO_LINK = NO;
			};
			name = Release;
		};
/* End XCBuildConfiguration section */

/* Begin XCConfigurationList section */
		1DEB91AD08733DA50010E9CD /* Build configuration list for PBXNativeTarget "SSCore" */ = {
			isa = XCConfigurationList;
			buildConfigurations = (
				1DEB91AE08733DA50010E9CD /* Debug */,
				1DEB91AF08733DA50010E9CD /* Release */,
			);
			defaultConfigurationIsVisible = 0;
			defaultConfigurationName = Release;
		};
		1DEB91B108733DA50010E9CD /* Build configuration list for PBXProject "SSCore" */ = {
			isa = XCConfigurationList;
			buildConfigurations = (
				1DEB91B208733DA50010E9CD /* Debug */,
				1DEB91B308733DA50010E9CD /* Release */,
			);
			defaultConfigurationIsVisible = 0;
			defaultConfigurationName = Release;
		};
		1E430BE4105E16C3005FD6AD /* Build configuration list for PBXNativeTarget "ConcurrencyAdditionsTest" */ = {
			isa = XCConfigurationList;
			buildConfigurations = (
				1E430BE2105E16C3005FD6AD /* Debug */,
				1E430BE3105E16C3005FD6AD /* Release */,
			);
			defaultConfigurationIsVisible = 0;
			defaultConfigurationName = Release;
		};
		1E430BF8105E171D005FD6AD /* Build configuration list for PBXAggregateTarget "All" */ = {
			isa = XCConfigurationList;
			buildConfigurations = (
				1E430BEA105E16E2005FD6AD /* Debug */,
				1E430BEB105E16E2005FD6AD /* Release */,
			);
			defaultConfigurationIsVisible = 0;
			defaultConfigurationName = Release;
		};
/* End XCConfigurationList section */
	};
	rootObject = 0867D690FE84028FC02AAC07 /* Project object */;
}
